{
  "name": "patternfly-yew",
  "version": "0.0.1",
  "lockfileVersion": 2,
  "requires": true,
  "packages": {
    "": {
      "name": "patternfly-yew",
      "version": "0.0.1",
      "dependencies": {
        "@patternfly/patternfly": "^4.159.1"
      }
    },
    "node_modules/@patternfly/patternfly": {
      "version": "4.159.1",
      "resolved": "https://registry.npmjs.org/@patternfly/patternfly/-/patternfly-4.159.1.tgz",
      "integrity": "sha512-CPLE7yAmtETH8TAdQhHkyFmyvjGwsv/7PeR4k57DY9X4IHpx41m4SXrv9cBCr/+Uy8o2SjvE8dtlZb+h0rLByQ=="
    }
  },
  "dependencies": {
    "@patternfly/patternfly": {
      "version": "4.159.1",
      "resolved": "https://registry.npmjs.org/@patternfly/patternfly/-/patternfly-4.159.1.tgz",
      "integrity": "sha512-CPLE7yAmtETH8TAdQhHkyFmyvjGwsv/7PeR4k57DY9X4IHpx41m4SXrv9cBCr/+Uy8o2SjvE8dtlZb+h0rLByQ=="
    }
  }
}
